
Microsoft Visual Studio Solution File, Format Version 12.00
# Visual Studio Version 16
VisualStudioVersion = 16.0.29806.167
MinimumVisualStudioVersion = 10.0.40219.1
Project("{2150E333-8FDC-42A3-9474-1A3956D46DE8}") = "src", "src", "{0B958CFF-F7BC-4D4A-95C8-FBEF5609E826}"
EndProject
Project("{2150E333-8FDC-42A3-9474-1A3956D46DE8}") = "tests", "tests", "{F5B95408-8B79-411E-A2B6-64C6E38161C0}"
EndProject
Project("{9A19103F-16F7-4668-BE54-9A1E7A4F7556}") = "Redington.Calculation.Api", "src/Redington.Calculation.Api\Redington.Calculation.Api.csproj", "{13D1DA90-276B-49BF-94F3-FDCC585689C9}"
EndProject
Project("{9A19103F-16F7-4668-BE54-9A1E7A4F7556}") = "Redington.Calculation.Domain", "src/Redington.Calculation.Domain\Redington.Calculation.Domain.csproj", "{B13204EB-3A6F-430A-B328-76C068562282}"
EndProject
Project("{9A19103F-16F7-4668-BE54-9A1E7A4F7556}") = "Redington.Calculation.UnitTests", "tests/Redington.Calculation.UnitTests\Redington.Calculation.UnitTests.csproj", "{BA4F9C53-F5BB-4D6D-85D4-403B5BE79C69}"
EndProject
Project("{2150E333-8FDC-42A3-9474-1A3956D46DE8}") = "Solution Items", "Solution Items", "{B52DD977-1705-4081-8D3F-13C15F837E8F}"
EndProject
Global
	GlobalSection(SolutionConfigurationPlatforms) = preSolution
		Debug|Any CPU = Debug|Any CPU
		Release|Any CPU = Release|Any CPU
	EndGlobalSection
	GlobalSection(ProjectConfigurationPlatforms) = postSolution
		{13D1DA90-276B-49BF-94F3-FDCC585689C9}.Debug|Any CPU.ActiveCfg = Debug|Any CPU
		{13D1DA90-276B-49BF-94F3-FDCC585689C9}.Debug|Any CPU.Build.0 = Debug|Any CPU
		{13D1DA90-276B-49BF-94F3-FDCC585689C9}.Release|Any CPU.ActiveCfg = Release|Any CPU
		{13D1DA90-276B-49BF-94F3-FDCC585689C9}.Release|Any CPU.Build.0 = Release|Any CPU
		{B13204EB-3A6F-430A-B328-76C068562282}.Debug|Any CPU.ActiveCfg = Debug|Any CPU
		{B13204EB-3A6F-430A-B328-76C068562282}.Debug|Any CPU.Build.0 = Debug|Any CPU
		{B13204EB-3A6F-430A-B328-76C068562282}.Release|Any CPU.ActiveCfg = Release|Any CPU
		{B13204EB-3A6F-430A-B328-76C068562282}.Release|Any CPU.Build.0 = Release|Any CPU
		{BA4F9C53-F5BB-4D6D-85D4-403B5BE79C69}.Debug|Any CPU.ActiveCfg = Debug|Any CPU
		{BA4F9C53-F5BB-4D6D-85D4-403B5BE79C69}.Debug|Any CPU.Build.0 = Debug|Any CPU
		{BA4F9C53-F5BB-4D6D-85D4-403B5BE79C69}.Release|Any CPU.ActiveCfg = Release|Any CPU
		{BA4F9C53-F5BB-4D6D-85D4-403B5BE79C69}.Release|Any CPU.Build.0 = Release|Any CPU
	EndGlobalSection
	GlobalSection(SolutionProperties) = preSolution
		HideSolutionNode = FALSE
	EndGlobalSection
	GlobalSection(NestedProjects) = preSolution
		{13D1DA90-276B-49BF-94F3-FDCC585689C9} = {0B958CFF-F7BC-4D4A-95C8-FBEF5609E826}
		{B13204EB-3A6F-430A-B328-76C068562282} = {0B958CFF-F7BC-4D4A-95C8-FBEF5609E826}
		{BA4F9C53-F5BB-4D6D-85D4-403B5BE79C69} = {F5B95408-8B79-411E-A2B6-64C6E38161C0}
	EndGlobalSection
	GlobalSection(ExtensibilityGlobals) = postSolution
		SolutionGuid = {45FAA6CC-74D3-4381-9AD4-8276845D851F}
	EndGlobalSection
EndGlobal
